Microsoft Visual Studio Solution File, Format Version 12.00
# Visual Studio Express 2013 for Windows Desktop
VisualStudioVersion = 12.0.21005.1
MinimumVisualStudioVersion = 10.0.40219.1
Project("{FAE04EC0-301F-11D3-BF4B-00C04F79EFBC}") = "Michaels_programming_language", "Michaels_programming_language\Michaels_programming_language.csproj", "{57C2A77E-5D62-4D85-A1D8-D03E0130E21E}"
EndProject
Project("{FAE04EC0-301F-11D3-BF4B-00C04F79EFBC}") = "Interpreter", "ConsoleApplication1\Interpreter.csproj", "{9B2F3180-D290-4CD2-B95E-E535AC45168F}"
EndProject
Global
	GlobalSection(SolutionConfigurationPlatforms) = preSolution
		Debug|Any CPU = Debug|Any CPU
		Release|Any CPU = Release|Any CPU
	EndGlobalSection
	GlobalSection(ProjectConfigurationPlatforms) = postSolution
		{57C2A77E-5D62-4D85-A1D8-D03E0130E21E}.Debug|Any CPU.ActiveCfg = Debug|Any CPU
		{57C2A77E-5D62-4D85-A1D8-D03E0130E21E}.Debug|Any CPU.Build.0 = Debug|Any CPU
		{57C2A77E-5D62-4D85-A1D8-D03E0130E21E}.Release|Any CPU.ActiveCfg = Release|Any CPU
		{57C2A77E-5D62-4D85-A1D8-D03E0130E21E}.Release|Any CPU.Build.0 = Release|Any CPU
		{9B2F3180-D290-4CD2-B95E-E535AC45168F}.Debug|Any CPU.ActiveCfg = Debug|Any CPU
		{9B2F3180-D290-4CD2-B95E-E535AC45168F}.Debug|Any CPU.Build.0 = Debug|Any CPU
		{9B2F3180-D290-4CD2-B95E-E535AC45168F}.Release|Any CPU.ActiveCfg = Release|Any CPU
		{9B2F3180-D290-4CD2-B95E-E535AC45168F}.Release|Any CPU.Build.0 = Release|Any CPU
	EndGlobalSection
	GlobalSection(SolutionProperties) = preSolution
		HideSolutionNode = FALSE
	EndGlobalSection
EndGlobal
